# THIS IS AN AUTOGENERATED FILE. DO NOT EDIT THIS FILE DIRECTLY.
# yarn lockfile v1


lazy@latest:
  version "1.0.11"
  resolved "https://registry.yarnpkg.com/lazy/-/lazy-1.0.11.tgz#daa068206282542c088288e975c297c1ae77b690"
  integrity sha1-2qBoIGKCVCwIgojpdcKXwa53tpA=

underscore@latest:
  version "1.13.1"
  resolved "https://registry.yarnpkg.com/underscore/-/underscore-1.13.1.tgz#0c1c6bd2df54b6b69f2314066d65b6cde6fcf9d1"
  integrity sha512-hzSoAVtJF+3ZtiFX0VgfFPHEDRm7Y/QPjGyNo4TVdnDTdft3tr8hEkD25a1jC+TjTuE7tkHGKkhwCgs9dgBB2g==
